
Microsoft Visual Studio Solution File, Format Version 12.00
# Visual Studio 15
VisualStudioVersion = 15.0.27428.2043
MinimumVisualStudioVersion = 10.0.40219.1
Project("{FAE04EC0-301F-11D3-BF4B-00C04F79EFBC}") = "LetterCounter", "LetterCounter\LetterCounter.csproj", "{7359A6C6-1163-4E26-B427-C8BEE0520EC9}"
EndProject
Project("{FAE04EC0-301F-11D3-BF4B-00C04F79EFBC}") = "LetterCounter2", "LetterCounter2\LetterCounter2.csproj", "{40A8B440-B26B-4E7B-B096-9C8AD81EB752}"
EndProject
Global
	GlobalSection(SolutionConfigurationPlatforms) = preSolution
		Debug|Any CPU = Debug|Any CPU
		Release|Any CPU = Release|Any CPU
	EndGlobalSection
	GlobalSection(ProjectConfigurationPlatforms) = postSolution
		{7359A6C6-1163-4E26-B427-C8BEE0520EC9}.Debug|Any CPU.ActiveCfg = Debug|Any CPU
		{7359A6C6-1163-4E26-B427-C8BEE0520EC9}.Debug|Any CPU.Build.0 = Debug|Any CPU
		{7359A6C6-1163-4E26-B427-C8BEE0520EC9}.Release|Any CPU.ActiveCfg = Release|Any CPU
		{7359A6C6-1163-4E26-B427-C8BEE0520EC9}.Release|Any CPU.Build.0 = Release|Any CPU
		{40A8B440-B26B-4E7B-B096-9C8AD81EB752}.Debug|Any CPU.ActiveCfg = Debug|Any CPU
		{40A8B440-B26B-4E7B-B096-9C8AD81EB752}.Debug|Any CPU.Build.0 = Debug|Any CPU
		{40A8B440-B26B-4E7B-B096-9C8AD81EB752}.Release|Any CPU.ActiveCfg = Release|Any CPU
		{40A8B440-B26B-4E7B-B096-9C8AD81EB752}.Release|Any CPU.Build.0 = Release|Any CPU
	EndGlobalSection
	GlobalSection(SolutionProperties) = preSolution
		HideSolutionNode = FALSE
	EndGlobalSection
	GlobalSection(ExtensibilityGlobals) = postSolution
		SolutionGuid = {4E9FE0B9-81EA-478E-A9F1-9D05ADA59D3F}
	EndGlobalSection
EndGlobal
